
Microsoft Visual Studio Solution File, Format Version 12.00
# Visual Studio 15
VisualStudioVersion = 15.0.26124.0
MinimumVisualStudioVersion = 15.0.26124.0
Project("{FAE04EC0-301F-11D3-BF4B-00C04F79EFBC}") = "blagario", "blagario\blagario.csproj", "{663CEDAE-9322-4EAA-B681-9DB87145E579}"
EndProject
Project("{FAE04EC0-301F-11D3-BF4B-00C04F79EFBC}") = "blagario.Unit.Tests", "blagario.Unit.Tests\blagario.Unit.Tests.csproj", "{042C9CFF-837C-4EC2-B6FC-39CC84DC74BB}"
EndProject
Global
	GlobalSection(SolutionConfigurationPlatforms) = preSolution
		Debug|Any CPU = Debug|Any CPU
		Debug|x64 = Debug|x64
		Debug|x86 = Debug|x86
		Release|Any CPU = Release|Any CPU
		Release|x64 = Release|x64
		Release|x86 = Release|x86
	EndGlobalSection
	GlobalSection(SolutionProperties) = preSolution
		HideSolutionNode = FALSE
	EndGlobalSection
	GlobalSection(ProjectConfigurationPlatforms) = postSolution
		{663CEDAE-9322-4EAA-B681-9DB87145E579}.Debug|Any CPU.ActiveCfg = Debug|Any CPU
		{663CEDAE-9322-4EAA-B681-9DB87145E579}.Debug|Any CPU.Build.0 = Debug|Any CPU
		{663CEDAE-9322-4EAA-B681-9DB87145E579}.Debug|x64.ActiveCfg = Debug|Any CPU
		{663CEDAE-9322-4EAA-B681-9DB87145E579}.Debug|x64.Build.0 = Debug|Any CPU
		{663CEDAE-9322-4EAA-B681-9DB87145E579}.Debug|x86.ActiveCfg = Debug|Any CPU
		{663CEDAE-9322-4EAA-B681-9DB87145E579}.Debug|x86.Build.0 = Debug|Any CPU
		{663CEDAE-9322-4EAA-B681-9DB87145E579}.Release|Any CPU.ActiveCfg = Release|Any CPU
		{663CEDAE-9322-4EAA-B681-9DB87145E579}.Release|Any CPU.Build.0 = Release|Any CPU
		{663CEDAE-9322-4EAA-B681-9DB87145E579}.Release|x64.ActiveCfg = Release|Any CPU
		{663CEDAE-9322-4EAA-B681-9DB87145E579}.Release|x64.Build.0 = Release|Any CPU
		{663CEDAE-9322-4EAA-B681-9DB87145E579}.Release|x86.ActiveCfg = Release|Any CPU
		{663CEDAE-9322-4EAA-B681-9DB87145E579}.Release|x86.Build.0 = Release|Any CPU
		{042C9CFF-837C-4EC2-B6FC-39CC84DC74BB}.Debug|Any CPU.ActiveCfg = Debug|Any CPU
		{042C9CFF-837C-4EC2-B6FC-39CC84DC74BB}.Debug|Any CPU.Build.0 = Debug|Any CPU
		{042C9CFF-837C-4EC2-B6FC-39CC84DC74BB}.Debug|x64.ActiveCfg = Debug|Any CPU
		{042C9CFF-837C-4EC2-B6FC-39CC84DC74BB}.Debug|x64.Build.0 = Debug|Any CPU
		{042C9CFF-837C-4EC2-B6FC-39CC84DC74BB}.Debug|x86.ActiveCfg = Debug|Any CPU
		{042C9CFF-837C-4EC2-B6FC-39CC84DC74BB}.Debug|x86.Build.0 = Debug|Any CPU
		{042C9CFF-837C-4EC2-B6FC-39CC84DC74BB}.Release|Any CPU.ActiveCfg = Release|Any CPU
		{042C9CFF-837C-4EC2-B6FC-39CC84DC74BB}.Release|Any CPU.Build.0 = Release|Any CPU
		{042C9CFF-837C-4EC2-B6FC-39CC84DC74BB}.Release|x64.ActiveCfg = Release|Any CPU
		{042C9CFF-837C-4EC2-B6FC-39CC84DC74BB}.Release|x64.Build.0 = Release|Any CPU
		{042C9CFF-837C-4EC2-B6FC-39CC84DC74BB}.Release|x86.ActiveCfg = Release|Any CPU
		{042C9CFF-837C-4EC2-B6FC-39CC84DC74BB}.Release|x86.Build.0 = Release|Any CPU
	EndGlobalSection
EndGlobal
